
Microsoft Visual Studio Solution File, Format Version 12.00
# Visual Studio Version 16
VisualStudioVersion = 16.0.31402.337
MinimumVisualStudioVersion = 10.0.40219.1
Project("{FAE04EC0-301F-11D3-BF4B-00C04F79EFBC}") = "Cuculator", "Cuculator\Cuculator.csproj", "{75FAA08D-55BC-42AC-82F3-750F7E8E2B90}"
EndProject
Project("{FAE04EC0-301F-11D3-BF4B-00C04F79EFBC}") = "CuculatorTests", "CuculatorTests\CuculatorTests.csproj", "{D59D5E17-4B27-46C0-8DAB-A37D74296393}"
EndProject
Global
	GlobalSection(SolutionConfigurationPlatforms) = preSolution
		Debug|Any CPU = Debug|Any CPU
		Release|Any CPU = Release|Any CPU
	EndGlobalSection
	GlobalSection(ProjectConfigurationPlatforms) = postSolution
		{75FAA08D-55BC-42AC-82F3-750F7E8E2B90}.Debug|Any CPU.ActiveCfg = Debug|Any CPU
		{75FAA08D-55BC-42AC-82F3-750F7E8E2B90}.Debug|Any CPU.Build.0 = Debug|Any CPU
		{75FAA08D-55BC-42AC-82F3-750F7E8E2B90}.Release|Any CPU.ActiveCfg = Release|Any CPU
		{75FAA08D-55BC-42AC-82F3-750F7E8E2B90}.Release|Any CPU.Build.0 = Release|Any CPU
		{D59D5E17-4B27-46C0-8DAB-A37D74296393}.Debug|Any CPU.ActiveCfg = Debug|Any CPU
		{D59D5E17-4B27-46C0-8DAB-A37D74296393}.Debug|Any CPU.Build.0 = Debug|Any CPU
		{D59D5E17-4B27-46C0-8DAB-A37D74296393}.Release|Any CPU.ActiveCfg = Release|Any CPU
		{D59D5E17-4B27-46C0-8DAB-A37D74296393}.Release|Any CPU.Build.0 = Release|Any CPU
	EndGlobalSection
	GlobalSection(SolutionProperties) = preSolution
		HideSolutionNode = FALSE
	EndGlobalSection
	GlobalSection(ExtensibilityGlobals) = postSolution
		SolutionGuid = {09258672-426D-435F-9DEE-5AC4BBFFA5A8}
	EndGlobalSection
EndGlobal
